
Microsoft Visual Studio Solution File, Format Version 12.00
# Visual Studio Version 17
VisualStudioVersion = 17.0.31903.59
MinimumVisualStudioVersion = 10.0.40219.1
Project("{FAE04EC0-301F-11D3-BF4B-00C04F79EFBC}") = "Entities", "Entities\Entities.csproj", "{B024E924-5ABD-472D-8109-4B1408C3539B}"
EndProject
Project("{FAE04EC0-301F-11D3-BF4B-00C04F79EFBC}") = "MandyLanje_StoreApp", "MandyLanje_StoreApp\MandyLanje_StoreApp.csproj", "{B77BEE68-DF8E-40BD-9846-055E0273E9B6}"
EndProject
Global
	GlobalSection(SolutionConfigurationPlatforms) = preSolution
		Debug|Any CPU = Debug|Any CPU
		Release|Any CPU = Release|Any CPU
	EndGlobalSection
	GlobalSection(SolutionProperties) = preSolution
		HideSolutionNode = FALSE
	EndGlobalSection
	GlobalSection(ProjectConfigurationPlatforms) = postSolution
		{B024E924-5ABD-472D-8109-4B1408C3539B}.Debug|Any CPU.ActiveCfg = Debug|Any CPU
		{B024E924-5ABD-472D-8109-4B1408C3539B}.Debug|Any CPU.Build.0 = Debug|Any CPU
		{B024E924-5ABD-472D-8109-4B1408C3539B}.Release|Any CPU.ActiveCfg = Release|Any CPU
		{B024E924-5ABD-472D-8109-4B1408C3539B}.Release|Any CPU.Build.0 = Release|Any CPU
		{B77BEE68-DF8E-40BD-9846-055E0273E9B6}.Debug|Any CPU.ActiveCfg = Debug|Any CPU
		{B77BEE68-DF8E-40BD-9846-055E0273E9B6}.Debug|Any CPU.Build.0 = Debug|Any CPU
		{B77BEE68-DF8E-40BD-9846-055E0273E9B6}.Release|Any CPU.ActiveCfg = Release|Any CPU
		{B77BEE68-DF8E-40BD-9846-055E0273E9B6}.Release|Any CPU.Build.0 = Release|Any CPU
	EndGlobalSection
EndGlobal
